
Microsoft Visual Studio Solution File, Format Version 12.00
# Visual Studio Version 16
VisualStudioVersion = 16.0.31129.286
MinimumVisualStudioVersion = 10.0.40219.1
Project("{FAE04EC0-301F-11D3-BF4B-00C04F79EFBC}") = "Guohui.BudgetTracker.Infrastructure", "Guohui.BudgetTracker.Infrastructure\Guohui.BudgetTracker.Infrastructure.csproj", "{A0CF2ADD-CD7F-434A-9B7D-91C35EEFC576}"
EndProject
Project("{FAE04EC0-301F-11D3-BF4B-00C04F79EFBC}") = "Guohui.BudgetTracker.ApplicationCore", "Guohui.BudgetTracker.ApplicationCore\Guohui.BudgetTracker.ApplicationCore.csproj", "{4E3396F5-FF0C-478C-A65B-8E69CE8BA31A}"
EndProject
Project("{FAE04EC0-301F-11D3-BF4B-00C04F79EFBC}") = "Guohui.BudgetTracker.API", "Guohui.BudgetTracker.API\Guohui.BudgetTracker.API.csproj", "{9BBE51B6-972C-47CA-92F9-29B92AEF5196}"
EndProject
Global
	GlobalSection(SolutionConfigurationPlatforms) = preSolution
		Debug|Any CPU = Debug|Any CPU
		Release|Any CPU = Release|Any CPU
	EndGlobalSection
	GlobalSection(ProjectConfigurationPlatforms) = postSolution
		{A0CF2ADD-CD7F-434A-9B7D-91C35EEFC576}.Debug|Any CPU.ActiveCfg = Debug|Any CPU
		{A0CF2ADD-CD7F-434A-9B7D-91C35EEFC576}.Debug|Any CPU.Build.0 = Debug|Any CPU
		{A0CF2ADD-CD7F-434A-9B7D-91C35EEFC576}.Release|Any CPU.ActiveCfg = Release|Any CPU
		{A0CF2ADD-CD7F-434A-9B7D-91C35EEFC576}.Release|Any CPU.Build.0 = Release|Any CPU
		{4E3396F5-FF0C-478C-A65B-8E69CE8BA31A}.Debug|Any CPU.ActiveCfg = Debug|Any CPU
		{4E3396F5-FF0C-478C-A65B-8E69CE8BA31A}.Debug|Any CPU.Build.0 = Debug|Any CPU
		{4E3396F5-FF0C-478C-A65B-8E69CE8BA31A}.Release|Any CPU.ActiveCfg = Release|Any CPU
		{4E3396F5-FF0C-478C-A65B-8E69CE8BA31A}.Release|Any CPU.Build.0 = Release|Any CPU
		{9BBE51B6-972C-47CA-92F9-29B92AEF5196}.Debug|Any CPU.ActiveCfg = Debug|Any CPU
		{9BBE51B6-972C-47CA-92F9-29B92AEF5196}.Debug|Any CPU.Build.0 = Debug|Any CPU
		{9BBE51B6-972C-47CA-92F9-29B92AEF5196}.Release|Any CPU.ActiveCfg = Release|Any CPU
		{9BBE51B6-972C-47CA-92F9-29B92AEF5196}.Release|Any CPU.Build.0 = Release|Any CPU
	EndGlobalSection
	GlobalSection(SolutionProperties) = preSolution
		HideSolutionNode = FALSE
	EndGlobalSection
	GlobalSection(ExtensibilityGlobals) = postSolution
		SolutionGuid = {967759E6-A820-44DD-A63D-D2384F9EF5C9}
	EndGlobalSection
EndGlobal
